// !$*UTF8*$!
{
	archiveVersion = 1;
	classes = {
	};
	objectVersion = 56;
	objects = {

/* Begin PBXBuildFile section */
		44079CB62BE4951A00C79675 /* AppDelegate.swift in Sources */ = {isa = PBXBuildFile; fileRef = 44079CB52BE4951A00C79675 /* AppDelegate.swift */; };
		44079CBA2BE4951A00C79675 /* GitHubSearchVC.swift in Sources */ = {isa = PBXBuildFile; fileRef = 44079CB92BE4951A00C79675 /* GitHubSearchVC.swift */; };
		44079CBD2BE4951A00C79675 /* Main.storyboard in Resources */ = {isa = PBXBuildFile; fileRef = 44079CBB2BE4951A00C79675 /* Main.storyboard */; };
		44079CC02BE4951A00C79675 /* GithubUserFavorite.xcdatamodeld in Sources */ = {isa = PBXBuildFile; fileRef = 44079CBE2BE4951A00C79675 /* GithubUserFavorite.xcdatamodeld */; };
		44079CC22BE4951C00C79675 /* Assets.xcassets in Resources */ = {isa = PBXBuildFile; fileRef = 44079CC12BE4951C00C79675 /* Assets.xcassets */; };
		44079CC52BE4951C00C79675 /* LaunchScreen.storyboard in Resources */ = {isa = PBXBuildFile; fileRef = 44079CC32BE4951C00C79675 /* LaunchScreen.storyboard */; };
		44079CD02BE4951C00C79675 /* GithubUserFavoriteTests.swift in Sources */ = {isa = PBXBuildFile; fileRef = 44079CCF2BE4951C00C79675 /* GithubUserFavoriteTests.swift */; };
		44079CDA2BE4951C00C79675 /* GithubUserFavoriteUITests.swift in Sources */ = {isa = PBXBuildFile; fileRef = 44079CD92BE4951C00C79675 /* GithubUserFavoriteUITests.swift */; };
		44079CDC2BE4951C00C79675 /* GithubUserFavoriteUITestsLaunchTests.swift in Sources */ = {isa = PBXBuildFile; fileRef = 44079CDB2BE4951C00C79675 /* GithubUserFavoriteUITestsLaunchTests.swift */; };
		44079CEA2BE496C800C79675 /* Moya in Frameworks */ = {isa = PBXBuildFile; productRef = 44079CE92BE496C800C79675 /* Moya */; };
		44079CEC2BE496C800C79675 /* ReactiveMoya in Frameworks */ = {isa = PBXBuildFile; productRef = 44079CEB2BE496C800C79675 /* ReactiveMoya */; };
		44079CEE2BE496C800C79675 /* RxMoya in Frameworks */ = {isa = PBXBuildFile; productRef = 44079CED2BE496C800C79675 /* RxMoya */; };
		44079CF12BE4971F00C79675 /* Kingfisher in Frameworks */ = {isa = PBXBuildFile; productRef = 44079CF02BE4971F00C79675 /* Kingfisher */; };
		44079CF42BE4981100C79675 /* Alamofire in Frameworks */ = {isa = PBXBuildFile; productRef = 44079CF32BE4981100C79675 /* Alamofire */; };
		44079CF72BE49B3800C79675 /* UIViewController.swift in Sources */ = {isa = PBXBuildFile; fileRef = 44079CF62BE49B3800C79675 /* UIViewController.swift */; };
		446621BE2BEA164D00E4E542 /* LoadingView.swift in Sources */ = {isa = PBXBuildFile; fileRef = 446621BD2BEA164D00E4E542 /* LoadingView.swift */; };
		446621C02BEA16E800E4E542 /* Color.swift in Sources */ = {isa = PBXBuildFile; fileRef = 446621BF2BEA16E800E4E542 /* Color.swift */; };
		446621C22BEA185F00E4E542 /* LoadingViewable.swift in Sources */ = {isa = PBXBuildFile; fileRef = 446621C12BEA185F00E4E542 /* LoadingViewable.swift */; };
		448EF5B82BE9F2CD001381F3 /* UserURLWebViewController.swift in Sources */ = {isa = PBXBuildFile; fileRef = 448EF5B72BE9F2CD001381F3 /* UserURLWebViewController.swift */; };
		FC2A81462BE5136F000B3369 /* Item.swift in Sources */ = {isa = PBXBuildFile; fileRef = FC2A81442BE5136F000B3369 /* Item.swift */; };
		FC2A81472BE5136F000B3369 /* UserInfo.swift in Sources */ = {isa = PBXBuildFile; fileRef = FC2A81452BE5136F000B3369 /* UserInfo.swift */; };
		FC2A814D2BE52670000B3369 /* GitHubAPI.swift in Sources */ = {isa = PBXBuildFile; fileRef = FC2A814C2BE52670000B3369 /* GitHubAPI.swift */; };
		FC2A814F2BE534C0000B3369 /* GitHubAPIManager.swift in Sources */ = {isa = PBXBuildFile; fileRef = FC2A814E2BE534C0000B3369 /* GitHubAPIManager.swift */; };
		FC752CC72BE62D3700B55347 /* RxCocoa in Frameworks */ = {isa = PBXBuildFile; productRef = FC752CC62BE62D3700B55347 /* RxCocoa */; };
		FC752CC92BE62D3700B55347 /* RxRelay in Frameworks */ = {isa = PBXBuildFile; productRef = FC752CC82BE62D3700B55347 /* RxRelay */; };
		FC752CCB2BE6322300B55347 /* UITableView.swift in Sources */ = {isa = PBXBuildFile; fileRef = FC752CCA2BE6322300B55347 /* UITableView.swift */; };
		FC752CCD2BE632B500B55347 /* View+AutoLayout.swift in Sources */ = {isa = PBXBuildFile; fileRef = FC752CCC2BE632B500B55347 /* View+AutoLayout.swift */; };
		FC752CD02BE6333E00B55347 /* ProfileTableCell.swift in Sources */ = {isa = PBXBuildFile; fileRef = FC752CCF2BE6333E00B55347 /* ProfileTableCell.swift */; };
		FC752CD62BE633F300B55347 /* ProfileTableCell.xib in Resources */ = {isa = PBXBuildFile; fileRef = FC752CD52BE633F300B55347 /* ProfileTableCell.xib */; };
		FC752CD92BE639BD00B55347 /* GithubSearchViewModel.swift in Sources */ = {isa = PBXBuildFile; fileRef = FC752CD82BE639BD00B55347 /* GithubSearchViewModel.swift */; };
		FC752CDB2BE63A7D00B55347 /* SafeArray.swift in Sources */ = {isa = PBXBuildFile; fileRef = FC752CDA2BE63A7C00B55347 /* SafeArray.swift */; };
		FC752CDD2BE6486000B55347 /* AlertController.swift in Sources */ = {isa = PBXBuildFile; fileRef = FC752CDC2BE6486000B55347 /* AlertController.swift */; };
		FC752CDF2BE6488500B55347 /* Application.swift in Sources */ = {isa = PBXBuildFile; fileRef = FC752CDE2BE6488500B55347 /* Application.swift */; };
		FC77A86E2BEA53B800F98840 /* ColorAssets.xcassets in Resources */ = {isa = PBXBuildFile; fileRef = FC77A86D2BEA53B800F98840 /* ColorAssets.xcassets */; };
		FC7BAA462BE9120F00BB57ED /* SnapKit in Frameworks */ = {isa = PBXBuildFile; productRef = FC7BAA452BE9120F00BB57ED /* SnapKit */; };
		FCA239642BE501D400FFE09E /* RxGesture in Frameworks */ = {isa = PBXBuildFile; productRef = FCA239632BE501D400FFE09E /* RxGesture */; };
		FCA239672BE5030800FFE09E /* CommonFunc.swift in Sources */ = {isa = PBXBuildFile; fileRef = FCA239662BE5030800FFE09E /* CommonFunc.swift */; };
		FCB2AA9D2BE74D5000E5C9BF /* PersistenceManager.swift in Sources */ = {isa = PBXBuildFile; fileRef = FCB2AA9C2BE74D5000E5C9BF /* PersistenceManager.swift */; };
		FCE301D52BE747F9008E1DF8 /* Favorites.swift in Sources */ = {isa = PBXBuildFile; fileRef = FCE301D42BE747F9008E1DF8 /* Favorites.swift */; };
/* End PBXBuildFile section */

/* Begin PBXContainerItemProxy section */
		44079CCC2BE4951C00C79675 /* PBXContainerItemProxy */ = {
			isa = PBXContainerItemProxy;
			containerPortal = 44079CAA2BE4951900C79675 /* Project object */;
			proxyType = 1;
			remoteGlobalIDString = 44079CB12BE4951900C79675;
			remoteInfo = GithubUserFavorite;
		};
		44079CD62BE4951C00C79675 /* PBXContainerItemProxy */ = {
			isa = PBXContainerItemProxy;
			containerPortal = 44079CAA2BE4951900C79675 /* Project object */;
			proxyType = 1;
			remoteGlobalIDString = 44079CB12BE4951900C79675;
			remoteInfo = GithubUserFavorite;
		};
/* End PBXContainerItemProxy section */

/* Begin PBXFileReference section */
		44079CB22BE4951900C79675 /* GithubUserFavorite.app */ = {isa = PBXFileReference; explicitFileType = wrapper.application; includeInIndex = 0; path = GithubUserFavorite.app; sourceTree = BUILT_PRODUCTS_DIR; };
		44079CB52BE4951A00C79675 /* AppDelegate.swift */ = {isa = PBXFileReference; lastKnownFileType = sourcecode.swift; path = AppDelegate.swift; sourceTree = "<group>"; };
		44079CB92BE4951A00C79675 /* GitHubSearchVC.swift */ = {isa = PBXFileReference; lastKnownFileType = sourcecode.swift; path = GitHubSearchVC.swift; sourceTree = "<group>"; };
		44079CBC2BE4951A00C79675 /* Base */ = {isa = PBXFileReference; lastKnownFileType = file.storyboard; name = Base; path = Base.lproj/Main.storyboard; sourceTree = "<group>"; };
		44079CBF2BE4951A00C79675 /* GithubUserFavorite.xcdatamodel */ = {isa = PBXFileReference; lastKnownFileType = wrapper.xcdatamodel; path = GithubUserFavorite.xcdatamodel; sourceTree = "<group>"; };
		44079CC12BE4951C00C79675 /* Assets.xcassets */ = {isa = PBXFileReference; lastKnownFileType = folder.assetcatalog; path = Assets.xcassets; sourceTree = "<group>"; };
		44079CC42BE4951C00C79675 /* Base */ = {isa = PBXFileReference; lastKnownFileType = file.storyboard; name = Base; path = Base.lproj/LaunchScreen.storyboard; sourceTree = "<group>"; };
		44079CC62BE4951C00C79675 /* Info.plist */ = {isa = PBXFileReference; lastKnownFileType = text.plist.xml; path = Info.plist; sourceTree = "<group>"; };
		44079CCB2BE4951C00C79675 /* GithubUserFavoriteTests.xctest */ = {isa = PBXFileReference; explicitFileType = wrapper.cfbundle; includeInIndex = 0; path = GithubUserFavoriteTests.xctest; sourceTree = BUILT_PRODUCTS_DIR; };
		44079CCF2BE4951C00C79675 /* GithubUserFavoriteTests.swift */ = {isa = PBXFileReference; lastKnownFileType = sourcecode.swift; path = GithubUserFavoriteTests.swift; sourceTree = "<group>"; };
		44079CD52BE4951C00C79675 /* GithubUserFavoriteUITests.xctest */ = {isa = PBXFileReference; explicitFileType = wrapper.cfbundle; includeInIndex = 0; path = GithubUserFavoriteUITests.xctest; sourceTree = BUILT_PRODUCTS_DIR; };
		44079CD92BE4951C00C79675 /* GithubUserFavoriteUITests.swift */ = {isa = PBXFileReference; lastKnownFileType = sourcecode.swift; path = GithubUserFavoriteUITests.swift; sourceTree = "<group>"; };
		44079CDB2BE4951C00C79675 /* GithubUserFavoriteUITestsLaunchTests.swift */ = {isa = PBXFileReference; lastKnownFileType = sourcecode.swift; path = GithubUserFavoriteUITestsLaunchTests.swift; sourceTree = "<group>"; };
		44079CF62BE49B3800C79675 /* UIViewController.swift */ = {isa = PBXFileReference; lastKnownFileType = sourcecode.swift; path = UIViewController.swift; sourceTree = "<group>"; };
		446621BD2BEA164D00E4E542 /* LoadingView.swift */ = {isa = PBXFileReference; lastKnownFileType = sourcecode.swift; path = LoadingView.swift; sourceTree = "<group>"; };
		446621BF2BEA16E800E4E542 /* Color.swift */ = {isa = PBXFileReference; fileEncoding = 4; lastKnownFileType = sourcecode.swift; path = Color.swift; sourceTree = "<group>"; };
		446621C12BEA185F00E4E542 /* LoadingViewable.swift */ = {isa = PBXFileReference; fileEncoding = 4; lastKnownFileType = sourcecode.swift; path = LoadingViewable.swift; sourceTree = "<group>"; };
		448EF5B72BE9F2CD001381F3 /* UserURLWebViewController.swift */ = {isa = PBXFileReference; lastKnownFileType = sourcecode.swift; path = UserURLWebViewController.swift; sourceTree = "<group>"; };
		FC2A81442BE5136F000B3369 /* Item.swift */ = {isa = PBXFileReference; fileEncoding = 4; lastKnownFileType = sourcecode.swift; path = Item.swift; sourceTree = "<group>"; };
		FC2A81452BE5136F000B3369 /* UserInfo.swift */ = {isa = PBXFileReference; fileEncoding = 4; lastKnownFileType = sourcecode.swift; path = UserInfo.swift; sourceTree = "<group>"; };
		FC2A814C2BE52670000B3369 /* GitHubAPI.swift */ = {isa = PBXFileReference; lastKnownFileType = sourcecode.swift; path = GitHubAPI.swift; sourceTree = "<group>"; };
		FC2A814E2BE534C0000B3369 /* GitHubAPIManager.swift */ = {isa = PBXFileReference; lastKnownFileType = sourcecode.swift; path = GitHubAPIManager.swift; sourceTree = "<group>"; };
		FC752CCA2BE6322300B55347 /* UITableView.swift */ = {isa = PBXFileReference; lastKnownFileType = sourcecode.swift; path = UITableView.swift; sourceTree = "<group>"; };
		FC752CCC2BE632B500B55347 /* View+AutoLayout.swift */ = {isa = PBXFileReference; lastKnownFileType = sourcecode.swift; path = "View+AutoLayout.swift"; sourceTree = "<group>"; };
		FC752CCF2BE6333E00B55347 /* ProfileTableCell.swift */ = {isa = PBXFileReference; lastKnownFileType = sourcecode.swift; path = ProfileTableCell.swift; sourceTree = "<group>"; };
		FC752CD52BE633F300B55347 /* ProfileTableCell.xib */ = {isa = PBXFileReference; lastKnownFileType = file.xib; path = ProfileTableCell.xib; sourceTree = "<group>"; };
		FC752CD82BE639BD00B55347 /* GithubSearchViewModel.swift */ = {isa = PBXFileReference; lastKnownFileType = sourcecode.swift; path = GithubSearchViewModel.swift; sourceTree = "<group>"; };
		FC752CDA2BE63A7C00B55347 /* SafeArray.swift */ = {isa = PBXFileReference; lastKnownFileType = sourcecode.swift; path = SafeArray.swift; sourceTree = "<group>"; };
		FC752CDC2BE6486000B55347 /* AlertController.swift */ = {isa = PBXFileReference; lastKnownFileType = sourcecode.swift; path = AlertController.swift; sourceTree = "<group>"; };
		FC752CDE2BE6488500B55347 /* Application.swift */ = {isa = PBXFileReference; lastKnownFileType = sourcecode.swift; path = Application.swift; sourceTree = "<group>"; };
		FC77A86D2BEA53B800F98840 /* ColorAssets.xcassets */ = {isa = PBXFileReference; lastKnownFileType = folder.assetcatalog; path = ColorAssets.xcassets; sourceTree = "<group>"; };
		FCA239662BE5030800FFE09E /* CommonFunc.swift */ = {isa = PBXFileReference; lastKnownFileType = sourcecode.swift; path = CommonFunc.swift; sourceTree = "<group>"; };
		FCB2AA9C2BE74D5000E5C9BF /* PersistenceManager.swift */ = {isa = PBXFileReference; lastKnownFileType = sourcecode.swift; path = PersistenceManager.swift; sourceTree = "<group>"; };
		FCE301D42BE747F9008E1DF8 /* Favorites.swift */ = {isa = PBXFileReference; lastKnownFileType = sourcecode.swift; path = Favorites.swift; sourceTree = "<group>"; };
/* End PBXFileReference section */

/* Begin PBXFrameworksBuildPhase section */
		44079CAF2BE4951900C79675 /* Frameworks */ = {
			isa = PBXFrameworksBuildPhase;
			buildActionMask = 2147483647;
			files = (
				44079CF42BE4981100C79675 /* Alamofire in Frameworks */,
				44079CF12BE4971F00C79675 /* Kingfisher in Frameworks */,
				44079CEE2BE496C800C79675 /* RxMoya in Frameworks */,
				FC752CC72BE62D3700B55347 /* RxCocoa in Frameworks */,
				44079CEA2BE496C800C79675 /* Moya in Frameworks */,
				FCA239642BE501D400FFE09E /* RxGesture in Frameworks */,
				FC7BAA462BE9120F00BB57ED /* SnapKit in Frameworks */,
				FC752CC92BE62D3700B55347 /* RxRelay in Frameworks */,
				44079CEC2BE496C800C79675 /* ReactiveMoya in Frameworks */,
			);
			runOnlyForDeploymentPostprocessing = 0;
		};
		44079CC82BE4951C00C79675 /* Frameworks */ = {
			isa = PBXFrameworksBuildPhase;
			buildActionMask = 2147483647;
			files = (
			);
			runOnlyForDeploymentPostprocessing = 0;
		};
		44079CD22BE4951C00C79675 /* Frameworks */ = {
			isa = PBXFrameworksBuildPhase;
			buildActionMask = 2147483647;
			files = (
			);
			runOnlyForDeploymentPostprocessing = 0;
		};
/* End PBXFrameworksBuildPhase section */

/* Begin PBXGroup section */
		44079CA92BE4951900C79675 = {
			isa = PBXGroup;
			children = (
				448EF5B62BE9F2AA001381F3 /* WebView */,
				FCA239652BE502FA00FFE09E /* Common */,
				44079CF52BE49B2B00C79675 /* Extensions */,
				FC63E0C92BE714BB00383CFA /* GithubSearch */,
				FC2A814A2BE51455000B3369 /* Network */,
				44079CB42BE4951900C79675 /* GithubUserFavorite */,
				44079CCE2BE4951C00C79675 /* GithubUserFavoriteTests */,
				44079CD82BE4951C00C79675 /* GithubUserFavoriteUITests */,
				44079CB32BE4951900C79675 /* Products */,
			);
			sourceTree = "<group>";
		};
		44079CB32BE4951900C79675 /* Products */ = {
			isa = PBXGroup;
			children = (
				44079CB22BE4951900C79675 /* GithubUserFavorite.app */,
				44079CCB2BE4951C00C79675 /* GithubUserFavoriteTests.xctest */,
				44079CD52BE4951C00C79675 /* GithubUserFavoriteUITests.xctest */,
			);
			name = Products;
			sourceTree = "<group>";
		};
		44079CB42BE4951900C79675 /* GithubUserFavorite */ = {
			isa = PBXGroup;
			children = (
				44079CB52BE4951A00C79675 /* AppDelegate.swift */,
				44079CBB2BE4951A00C79675 /* Main.storyboard */,
				44079CC12BE4951C00C79675 /* Assets.xcassets */,
				FC77A86D2BEA53B800F98840 /* ColorAssets.xcassets */,
				44079CC32BE4951C00C79675 /* LaunchScreen.storyboard */,
				44079CC62BE4951C00C79675 /* Info.plist */,
				44079CBE2BE4951A00C79675 /* GithubUserFavorite.xcdatamodeld */,
			);
			path = GithubUserFavorite;
			sourceTree = "<group>";
		};
		44079CCE2BE4951C00C79675 /* GithubUserFavoriteTests */ = {
			isa = PBXGroup;
			children = (
				44079CCF2BE4951C00C79675 /* GithubUserFavoriteTests.swift */,
			);
			path = GithubUserFavoriteTests;
			sourceTree = "<group>";
		};
		44079CD82BE4951C00C79675 /* GithubUserFavoriteUITests */ = {
			isa = PBXGroup;
			children = (
				44079CD92BE4951C00C79675 /* GithubUserFavoriteUITests.swift */,
				44079CDB2BE4951C00C79675 /* GithubUserFavoriteUITestsLaunchTests.swift */,
			);
			path = GithubUserFavoriteUITests;
			sourceTree = "<group>";
		};
		44079CF52BE49B2B00C79675 /* Extensions */ = {
			isa = PBXGroup;
			children = (
				FC752CDE2BE6488500B55347 /* Application.swift */,
				FC752CDC2BE6486000B55347 /* AlertController.swift */,
				446621BF2BEA16E800E4E542 /* Color.swift */,
				446621C12BEA185F00E4E542 /* LoadingViewable.swift */,
				FC752CDA2BE63A7C00B55347 /* SafeArray.swift */,
				44079CF62BE49B3800C79675 /* UIViewController.swift */,
				FC752CCA2BE6322300B55347 /* UITableView.swift */,
				FC752CCC2BE632B500B55347 /* View+AutoLayout.swift */,
			);
			path = Extensions;
			sourceTree = "<group>";
		};
		446621BC2BEA163F00E4E542 /* LodingView */ = {
			isa = PBXGroup;
			children = (
				446621BD2BEA164D00E4E542 /* LoadingView.swift */,
			);
			path = LodingView;
			sourceTree = "<group>";
		};
		448EF5B62BE9F2AA001381F3 /* WebView */ = {
			isa = PBXGroup;
			children = (
				448EF5B72BE9F2CD001381F3 /* UserURLWebViewController.swift */,
			);
			path = WebView;
			sourceTree = "<group>";
		};
		FC2A81432BE5087D000B3369 /* Model */ = {
			isa = PBXGroup;
			children = (
				FC2A81442BE5136F000B3369 /* Item.swift */,
				FC2A81452BE5136F000B3369 /* UserInfo.swift */,
				FCE301D42BE747F9008E1DF8 /* Favorites.swift */,
			);
			path = Model;
			sourceTree = "<group>";
		};
		FC2A814A2BE51455000B3369 /* Network */ = {
			isa = PBXGroup;
			children = (
				FC2A814B2BE5265C000B3369 /* APIs */,
				FCE301D12BE7457E008E1DF8 /* CoreData */,
				FC2A81432BE5087D000B3369 /* Model */,
			);
			path = Network;
			sourceTree = "<group>";
		};
		FC2A814B2BE5265C000B3369 /* APIs */ = {
			isa = PBXGroup;
			children = (
				FC2A814C2BE52670000B3369 /* GitHubAPI.swift */,
				FC2A814E2BE534C0000B3369 /* GitHubAPIManager.swift */,
			);
			path = APIs;
			sourceTree = "<group>";
		};
		FC63E0C92BE714BB00383CFA /* GithubSearch */ = {
			isa = PBXGroup;
			children = (
				FC752CCE2BE6331E00B55347 /* ProfileTableCell */,
				FC752CD72BE6398900B55347 /* ViewModel */,
				44079CB92BE4951A00C79675 /* GitHubSearchVC.swift */,
			);
			path = GithubSearch;
			sourceTree = "<group>";
		};
		FC752CCE2BE6331E00B55347 /* ProfileTableCell */ = {
			isa = PBXGroup;
			children = (
				FC752CCF2BE6333E00B55347 /* ProfileTableCell.swift */,
				FC752CD52BE633F300B55347 /* ProfileTableCell.xib */,
			);
			path = ProfileTableCell;
			sourceTree = "<group>";
		};
		FC752CD72BE6398900B55347 /* ViewModel */ = {
			isa = PBXGroup;
			children = (
				FC752CD82BE639BD00B55347 /* GithubSearchViewModel.swift */,
			);
			path = ViewModel;
			sourceTree = "<group>";
		};
		FCA239652BE502FA00FFE09E /* Common */ = {
			isa = PBXGroup;
			children = (
				446621BC2BEA163F00E4E542 /* LodingView */,
				FCA239662BE5030800FFE09E /* CommonFunc.swift */,
			);
			path = Common;
			sourceTree = "<group>";
		};
		FCE301D12BE7457E008E1DF8 /* CoreData */ = {
			isa = PBXGroup;
			children = (
				FCB2AA9C2BE74D5000E5C9BF /* PersistenceManager.swift */,
			);
			path = CoreData;
			sourceTree = "<group>";
		};
/* End PBXGroup section */

/* Begin PBXNativeTarget section */
		44079CB12BE4951900C79675 /* GithubUserFavorite */ = {
			isa = PBXNativeTarget;
			buildConfigurationList = 44079CDF2BE4951C00C79675 /* Build configuration list for PBXNativeTarget "GithubUserFavorite" */;
			buildPhases = (
				44079CAE2BE4951900C79675 /* Sources */,
				44079CAF2BE4951900C79675 /* Frameworks */,
				44079CB02BE4951900C79675 /* Resources */,
			);
			buildRules = (
			);
			dependencies = (
			);
			name = GithubUserFavorite;
			packageProductDependencies = (
				44079CE92BE496C800C79675 /* Moya */,
				44079CEB2BE496C800C79675 /* ReactiveMoya */,
				44079CED2BE496C800C79675 /* RxMoya */,
				44079CF02BE4971F00C79675 /* Kingfisher */,
				44079CF32BE4981100C79675 /* Alamofire */,
				FCA239632BE501D400FFE09E /* RxGesture */,
				FC752CC62BE62D3700B55347 /* RxCocoa */,
				FC752CC82BE62D3700B55347 /* RxRelay */,
				FC7BAA452BE9120F00BB57ED /* SnapKit */,
			);
			productName = GithubUserFavorite;
			productReference = 44079CB22BE4951900C79675 /* GithubUserFavorite.app */;
			productType = "com.apple.product-type.application";
		};
		44079CCA2BE4951C00C79675 /* GithubUserFavoriteTests */ = {
			isa = PBXNativeTarget;
			buildConfigurationList = 44079CE22BE4951C00C79675 /* Build configuration list for PBXNativeTarget "GithubUserFavoriteTests" */;
			buildPhases = (
				44079CC72BE4951C00C79675 /* Sources */,
				44079CC82BE4951C00C79675 /* Frameworks */,
				44079CC92BE4951C00C79675 /* Resources */,
			);
			buildRules = (
			);
			dependencies = (
				44079CCD2BE4951C00C79675 /* PBXTargetDependency */,
			);
			name = GithubUserFavoriteTests;
			productName = GithubUserFavoriteTests;
			productReference = 44079CCB2BE4951C00C79675 /* GithubUserFavoriteTests.xctest */;
			productType = "com.apple.product-type.bundle.unit-test";
		};
		44079CD42BE4951C00C79675 /* GithubUserFavoriteUITests */ = {
			isa = PBXNativeTarget;
			buildConfigurationList = 44079CE52BE4951C00C79675 /* Build configuration list for PBXNativeTarget "GithubUserFavoriteUITests" */;
			buildPhases = (
				44079CD12BE4951C00C79675 /* Sources */,
				44079CD22BE4951C00C79675 /* Frameworks */,
				44079CD32BE4951C00C79675 /* Resources */,
			);
			buildRules = (
			);
			dependencies = (
				44079CD72BE4951C00C79675 /* PBXTargetDependency */,
			);
			name = GithubUserFavoriteUITests;
			productName = GithubUserFavoriteUITests;
			productReference = 44079CD52BE4951C00C79675 /* GithubUserFavoriteUITests.xctest */;
			productType = "com.apple.product-type.bundle.ui-testing";
		};
/* End PBXNativeTarget section */

/* Begin PBXProject section */
		44079CAA2BE4951900C79675 /* Project object */ = {
			isa = PBXProject;
			attributes = {
				BuildIndependentTargetsInParallel = 1;
				LastSwiftUpdateCheck = 1520;
				LastUpgradeCheck = 1520;
				TargetAttributes = {
					44079CB12BE4951900C79675 = {
						CreatedOnToolsVersion = 15.2;
					};
					44079CCA2BE4951C00C79675 = {
						CreatedOnToolsVersion = 15.2;
						TestTargetID = 44079CB12BE4951900C79675;
					};
					44079CD42BE4951C00C79675 = {
						CreatedOnToolsVersion = 15.2;
						TestTargetID = 44079CB12BE4951900C79675;
					};
				};
			};
			buildConfigurationList = 44079CAD2BE4951900C79675 /* Build configuration list for PBXProject "GithubUserFavorite" */;
			compatibilityVersion = "Xcode 14.0";
			developmentRegion = en;
			hasScannedForEncodings = 0;
			knownRegions = (
				en,
				Base,
			);
			mainGroup = 44079CA92BE4951900C79675;
			packageReferences = (
				44079CE82BE496C800C79675 /* XCRemoteSwiftPackageReference "Moya" */,
				44079CEF2BE4971F00C79675 /* XCRemoteSwiftPackageReference "Kingfisher" */,
				44079CF22BE4981100C79675 /* XCRemoteSwiftPackageReference "Alamofire" */,
				FCA239622BE501D400FFE09E /* XCRemoteSwiftPackageReference "RxGesture" */,
				FC752CC52BE62D3700B55347 /* XCRemoteSwiftPackageReference "RxSwift" */,
				FC7BAA442BE9120F00BB57ED /* XCRemoteSwiftPackageReference "SnapKit" */,
			);
			productRefGroup = 44079CB32BE4951900C79675 /* Products */;
			projectDirPath = "";
			projectRoot = "";
			targets = (
				44079CB12BE4951900C79675 /* GithubUserFavorite */,
				44079CCA2BE4951C00C79675 /* GithubUserFavoriteTests */,
				44079CD42BE4951C00C79675 /* GithubUserFavoriteUITests */,
			);
		};
/* End PBXProject section */

/* Begin PBXResourcesBuildPhase section */
		44079CB02BE4951900C79675 /* Resources */ = {
			isa = PBXResourcesBuildPhase;
			buildActionMask = 2147483647;
			files = (
				FC77A86E2BEA53B800F98840 /* ColorAssets.xcassets in Resources */,
				44079CC52BE4951C00C79675 /* LaunchScreen.storyboard in Resources */,
				44079CC22BE4951C00C79675 /* Assets.xcassets in Resources */,
				FC752CD62BE633F300B55347 /* ProfileTableCell.xib in Resources */,
				44079CBD2BE4951A00C79675 /* Main.storyboard in Resources */,
			);
			runOnlyForDeploymentPostprocessing = 0;
		};
		44079CC92BE4951C00C79675 /* Resources */ = {
			isa = PBXResourcesBuildPhase;
			buildActionMask = 2147483647;
			files = (
			);
			runOnlyForDeploymentPostprocessing = 0;
		};
		44079CD32BE4951C00C79675 /* Resources */ = {
			isa = PBXResourcesBuildPhase;
			buildActionMask = 2147483647;
			files = (
			);
			runOnlyForDeploymentPostprocessing = 0;
		};
/* End PBXResourcesBuildPhase section */

/* Begin PBXSourcesBuildPhase section */
		44079CAE2BE4951900C79675 /* Sources */ = {
			isa = PBXSourcesBuildPhase;
			buildActionMask = 2147483647;
			files = (
				FC752CDF2BE6488500B55347 /* Application.swift in Sources */,
				FCA239672BE5030800FFE09E /* CommonFunc.swift in Sources */,
				446621C02BEA16E800E4E542 /* Color.swift in Sources */,
				446621C22BEA185F00E4E542 /* LoadingViewable.swift in Sources */,
				FCE301D52BE747F9008E1DF8 /* Favorites.swift in Sources */,
				FC752CDD2BE6486000B55347 /* AlertController.swift in Sources */,
				44079CBA2BE4951A00C79675 /* GitHubSearchVC.swift in Sources */,
				448EF5B82BE9F2CD001381F3 /* UserURLWebViewController.swift in Sources */,
				44079CC02BE4951A00C79675 /* GithubUserFavorite.xcdatamodeld in Sources */,
				FC752CCD2BE632B500B55347 /* View+AutoLayout.swift in Sources */,
				FC752CDB2BE63A7D00B55347 /* SafeArray.swift in Sources */,
				44079CF72BE49B3800C79675 /* UIViewController.swift in Sources */,
				FC2A81462BE5136F000B3369 /* Item.swift in Sources */,
				FC2A81472BE5136F000B3369 /* UserInfo.swift in Sources */,
				44079CB62BE4951A00C79675 /* AppDelegate.swift in Sources */,
				446621BE2BEA164D00E4E542 /* LoadingView.swift in Sources */,
				FC752CCB2BE6322300B55347 /* UITableView.swift in Sources */,
				FC2A814D2BE52670000B3369 /* GitHubAPI.swift in Sources */,
				FC752CD02BE6333E00B55347 /* ProfileTableCell.swift in Sources */,
				FCB2AA9D2BE74D5000E5C9BF /* PersistenceManager.swift in Sources */,
				FC752CD92BE639BD00B55347 /* GithubSearchViewModel.swift in Sources */,
				FC2A814F2BE534C0000B3369 /* GitHubAPIManager.swift in Sources */,
			);
			runOnlyForDeploymentPostprocessing = 0;
		};
		44079CC72BE4951C00C79675 /* Sources */ = {
			isa = PBXSourcesBuildPhase;
			buildActionMask = 2147483647;
			files = (
				44079CD02BE4951C00C79675 /* GithubUserFavoriteTests.swift in Sources */,
			);
			runOnlyForDeploymentPostprocessing = 0;
		};
		44079CD12BE4951C00C79675 /* Sources */ = {
			isa = PBXSourcesBuildPhase;
			buildActionMask = 2147483647;
			files = (
				44079CDC2BE4951C00C79675 /* GithubUserFavoriteUITestsLaunchTests.swift in Sources */,
				44079CDA2BE4951C00C79675 /* GithubUserFavoriteUITests.swift in Sources */,
			);
			runOnlyForDeploymentPostprocessing = 0;
		};
/* End PBXSourcesBuildPhase section */

/* Begin PBXTargetDependency section */
		44079CCD2BE4951C00C79675 /* PBXTargetDependency */ = {
			isa = PBXTargetDependency;
			target = 44079CB12BE4951900C79675 /* GithubUserFavorite */;
			targetProxy = 44079CCC2BE4951C00C79675 /* PBXContainerItemProxy */;
		};
		44079CD72BE4951C00C79675 /* PBXTargetDependency */ = {
			isa = PBXTargetDependency;
			target = 44079CB12BE4951900C79675 /* GithubUserFavorite */;
			targetProxy = 44079CD62BE4951C00C79675 /* PBXContainerItemProxy */;
		};
/* End PBXTargetDependency section */

/* Begin PBXVariantGroup section */
		44079CBB2BE4951A00C79675 /* Main.storyboard */ = {
			isa = PBXVariantGroup;
			children = (
				44079CBC2BE4951A00C79675 /* Base */,
			);
			name = Main.storyboard;
			sourceTree = "<group>";
		};
		44079CC32BE4951C00C79675 /* LaunchScreen.storyboard */ = {
			isa = PBXVariantGroup;
			children = (
				44079CC42BE4951C00C79675 /* Base */,
			);
			name = LaunchScreen.storyboard;
			sourceTree = "<group>";
		};
/* End PBXVariantGroup section */

/* Begin XCBuildConfiguration section */
		44079CDD2BE4951C00C79675 /* Debug */ = {
			isa = XCBuildConfiguration;
			buildSettings = {
				ALWAYS_SEARCH_USER_PATHS = NO;
				ASSETCATALOG_COMPILER_GENERATE_SWIFT_ASSET_SYMBOL_EXTENSIONS = YES;
				CLANG_ANALYZER_NONNULL = YES;
				CLANG_ANALYZER_NUMBER_OBJECT_CONVERSION = YES_AGGRESSIVE;
				CLANG_CXX_LANGUAGE_STANDARD = "gnu++20";
				CLANG_ENABLE_MODULES = YES;
				CLANG_ENABLE_OBJC_ARC = YES;
				CLANG_ENABLE_OBJC_WEAK = YES;
				CLANG_WARN_BLOCK_CAPTURE_AUTORELEASING = YES;
				CLANG_WARN_BOOL_CONVERSION = YES;
				CLANG_WARN_COMMA = YES;
				CLANG_WARN_CONSTANT_CONVERSION = YES;
				CLANG_WARN_DEPRECATED_OBJC_IMPLEMENTATIONS = YES;
				CLANG_WARN_DIRECT_OBJC_ISA_USAGE = YES_ERROR;
				CLANG_WARN_DOCUMENTATION_COMMENTS = YES;
				CLANG_WARN_EMPTY_BODY = YES;
				CLANG_WARN_ENUM_CONVERSION = YES;
				CLANG_WARN_INFINITE_RECURSION = YES;
				CLANG_WARN_INT_CONVERSION = YES;
				CLANG_WARN_NON_LITERAL_NULL_CONVERSION = YES;
				CLANG_WARN_OBJC_IMPLICIT_RETAIN_SELF = YES;
				CLANG_WARN_OBJC_LITERAL_CONVERSION = YES;
				CLANG_WARN_OBJC_ROOT_CLASS = YES_ERROR;
				CLANG_WARN_QUOTED_INCLUDE_IN_FRAMEWORK_HEADER = YES;
				CLANG_WARN_RANGE_LOOP_ANALYSIS = YES;
				CLANG_WARN_STRICT_PROTOTYPES = YES;
				CLANG_WARN_SUSPICIOUS_MOVE = YES;
				CLANG_WARN_UNGUARDED_AVAILABILITY = YES_AGGRESSIVE;
				CLANG_WARN_UNREACHABLE_CODE = YES;
				CLANG_WARN__DUPLICATE_METHOD_MATCH = YES;
				COPY_PHASE_STRIP = NO;
				DEBUG_INFORMATION_FORMAT = dwarf;
				ENABLE_STRICT_OBJC_MSGSEND = YES;
				ENABLE_TESTABILITY = YES;
				ENABLE_USER_SCRIPT_SANDBOXING = YES;
				GCC_C_LANGUAGE_STANDARD = gnu17;
				GCC_DYNAMIC_NO_PIC = NO;
				GCC_NO_COMMON_BLOCKS = YES;
				GCC_OPTIMIZATION_LEVEL = 0;
				GCC_PREPROCESSOR_DEFINITIONS = (
					"DEBUG=1",
					"$(inherited)",
				);
				GCC_WARN_64_TO_32_BIT_CONVERSION = YES;
				GCC_WARN_ABOUT_RETURN_TYPE = YES_ERROR;
				GCC_WARN_UNDECLARED_SELECTOR = YES;
				GCC_WARN_UNINITIALIZED_AUTOS = YES_AGGRESSIVE;
				GCC_WARN_UNUSED_FUNCTION = YES;
				GCC_WARN_UNUSED_VARIABLE = YES;
				IPHONEOS_DEPLOYMENT_TARGET = 17.2;
				LOCALIZATION_PREFERS_STRING_CATALOGS = YES;
				MTL_ENABLE_DEBUG_INFO = INCLUDE_SOURCE;
				MTL_FAST_MATH = YES;
				ONLY_ACTIVE_ARCH = YES;
				SDKROOT = iphoneos;
				SWIFT_ACTIVE_COMPILATION_CONDITIONS = "DEBUG $(inherited)";
				SWIFT_OPTIMIZATION_LEVEL = "-Onone";
			};
			name = Debug;
		};
		44079CDE2BE4951C00C79675 /* Release */ = {
			isa = XCBuildConfiguration;
			buildSettings = {
				ALWAYS_SEARCH_USER_PATHS = NO;
				ASSETCATALOG_COMPILER_GENERATE_SWIFT_ASSET_SYMBOL_EXTENSIONS = YES;
				CLANG_ANALYZER_NONNULL = YES;
				CLANG_ANALYZER_NUMBER_OBJECT_CONVERSION = YES_AGGRESSIVE;
				CLANG_CXX_LANGUAGE_STANDARD = "gnu++20";
				CLANG_ENABLE_MODULES = YES;
				CLANG_ENABLE_OBJC_ARC = YES;
				CLANG_ENABLE_OBJC_WEAK = YES;
				CLANG_WARN_BLOCK_CAPTURE_AUTORELEASING = YES;
				CLANG_WARN_BOOL_CONVERSION = YES;
				CLANG_WARN_COMMA = YES;
				CLANG_WARN_CONSTANT_CONVERSION = YES;
				CLANG_WARN_DEPRECATED_OBJC_IMPLEMENTATIONS = YES;
				CLANG_WARN_DIRECT_OBJC_ISA_USAGE = YES_ERROR;
				CLANG_WARN_DOCUMENTATION_COMMENTS = YES;
				CLANG_WARN_EMPTY_BODY = YES;
				CLANG_WARN_ENUM_CONVERSION = YES;
				CLANG_WARN_INFINITE_RECURSION = YES;
				CLANG_WARN_INT_CONVERSION = YES;
				CLANG_WARN_NON_LITERAL_NULL_CONVERSION = YES;
				CLANG_WARN_OBJC_IMPLICIT_RETAIN_SELF = YES;
				CLANG_WARN_OBJC_LITERAL_CONVERSION = YES;
				CLANG_WARN_OBJC_ROOT_CLASS = YES_ERROR;
				CLANG_WARN_QUOTED_INCLUDE_IN_FRAMEWORK_HEADER = YES;
				CLANG_WARN_RANGE_LOOP_ANALYSIS = YES;
				CLANG_WARN_STRICT_PROTOTYPES = YES;
				CLANG_WARN_SUSPICIOUS_MOVE = YES;
				CLANG_WARN_UNGUARDED_AVAILABILITY = YES_AGGRESSIVE;
				CLANG_WARN_UNREACHABLE_CODE = YES;
				CLANG_WARN__DUPLICATE_METHOD_MATCH = YES;
				COPY_PHASE_STRIP = NO;
				DEBUG_INFORMATION_FORMAT = "dwarf-with-dsym";
				ENABLE_NS_ASSERTIONS = NO;
				ENABLE_STRICT_OBJC_MSGSEND = YES;
				ENABLE_USER_SCRIPT_SANDBOXING = YES;
				GCC_C_LANGUAGE_STANDARD = gnu17;
				GCC_NO_COMMON_BLOCKS = YES;
				GCC_WARN_64_TO_32_BIT_CONVERSION = YES;
				GCC_WARN_ABOUT_RETURN_TYPE = YES_ERROR;
				GCC_WARN_UNDECLARED_SELECTOR = YES;
				GCC_WARN_UNINITIALIZED_AUTOS = YES_AGGRESSIVE;
				GCC_WARN_UNUSED_FUNCTION = YES;
				GCC_WARN_UNUSED_VARIABLE = YES;
				IPHONEOS_DEPLOYMENT_TARGET = 17.2;
				LOCALIZATION_PREFERS_STRING_CATALOGS = YES;
				MTL_ENABLE_DEBUG_INFO = NO;
				MTL_FAST_MATH = YES;
				SDKROOT = iphoneos;
				SWIFT_COMPILATION_MODE = wholemodule;
				VALIDATE_PRODUCT = YES;
			};
			name = Release;
		};
		44079CE02BE4951C00C79675 /* Debug */ = {
			isa = XCBuildConfiguration;
			buildSettings = {
				ASSETCATALOG_COMPILER_APPICON_NAME = AppIcon;
				ASSETCATALOG_COMPILER_GLOBAL_ACCENT_COLOR_NAME = AccentColor;
				CODE_SIGN_STYLE = Automatic;
				CURRENT_PROJECT_VERSION = 1;
				DEVELOPMENT_TEAM = LH2D7MUGD3;
				GENERATE_INFOPLIST_FILE = YES;
				INFOPLIST_FILE = GithubUserFavorite/Info.plist;
				INFOPLIST_KEY_UIApplicationSupportsIndirectInputEvents = YES;
				INFOPLIST_KEY_UILaunchStoryboardName = LaunchScreen;
				INFOPLIST_KEY_UIMainStoryboardFile = Main;
				INFOPLIST_KEY_UISupportedInterfaceOrientations = UIInterfaceOrientationPortrait;
				IPHONEOS_DEPLOYMENT_TARGET = 14.0;
				LD_RUNPATH_SEARCH_PATHS = (
					"$(inherited)",
					"@executable_path/Frameworks",
				);
				MARKETING_VERSION = 1.0;
				PRODUCT_BUNDLE_IDENTIFIER = com.Bongkill.GithubUserFavorite;
				PRODUCT_NAME = "$(TARGET_NAME)";
				SWIFT_EMIT_LOC_STRINGS = YES;
				SWIFT_VERSION = 5.0;
				TARGETED_DEVICE_FAMILY = "1,2";
			};
			name = Debug;
		};
		44079CE12BE4951C00C79675 /* Release */ = {
			isa = XCBuildConfiguration;
			buildSettings = {
				ASSETCATALOG_COMPILER_APPICON_NAME = AppIcon;
				ASSETCATALOG_COMPILER_GLOBAL_ACCENT_COLOR_NAME = AccentColor;
				CODE_SIGN_STYLE = Automatic;
				CURRENT_PROJECT_VERSION = 1;
				DEVELOPMENT_TEAM = LH2D7MUGD3;
				GENERATE_INFOPLIST_FILE = YES;
				INFOPLIST_FILE = GithubUserFavorite/Info.plist;
				INFOPLIST_KEY_UIApplicationSupportsIndirectInputEvents = YES;
				INFOPLIST_KEY_UILaunchStoryboardName = LaunchScreen;
				INFOPLIST_KEY_UIMainStoryboardFile = Main;
				INFOPLIST_KEY_UISupportedInterfaceOrientations = UIInterfaceOrientationPortrait;
				IPHONEOS_DEPLOYMENT_TARGET = 14.0;
				LD_RUNPATH_SEARCH_PATHS = (
					"$(inherited)",
					"@executable_path/Frameworks",
				);
				MARKETING_VERSION = 1.0;
				PRODUCT_BUNDLE_IDENTIFIER = com.Bongkill.GithubUserFavorite;
				PRODUCT_NAME = "$(TARGET_NAME)";
				SWIFT_EMIT_LOC_STRINGS = YES;
				SWIFT_VERSION = 5.0;
				TARGETED_DEVICE_FAMILY = "1,2";
			};
			name = Release;
		};
		44079CE32BE4951C00C79675 /* Debug */ = {
			isa = XCBuildConfiguration;
			buildSettings = {
				ALWAYS_EMBED_SWIFT_STANDARD_LIBRARIES = YES;
				BUNDLE_LOADER = "$(TEST_HOST)";
				CODE_SIGN_STYLE = Automatic;
				CURRENT_PROJECT_VERSION = 1;
				DEVELOPMENT_TEAM = LH2D7MUGD3;
				GENERATE_INFOPLIST_FILE = YES;
				IPHONEOS_DEPLOYMENT_TARGET = 17.2;
				MARKETING_VERSION = 1.0;
				PRODUCT_BUNDLE_IDENTIFIER = com.Bongkill.GithubUserFavoriteTests;
				PRODUCT_NAME = "$(TARGET_NAME)";
				SWIFT_EMIT_LOC_STRINGS = NO;
				SWIFT_VERSION = 5.0;
				TARGETED_DEVICE_FAMILY = "1,2";
				TEST_HOST = "$(BUILT_PRODUCTS_DIR)/GithubUserFavorite.app/$(BUNDLE_EXECUTABLE_FOLDER_PATH)/GithubUserFavorite";
			};
			name = Debug;
		};
		44079CE42BE4951C00C79675 /* Release */ = {
			isa = XCBuildConfiguration;
			buildSettings = {
				ALWAYS_EMBED_SWIFT_STANDARD_LIBRARIES = YES;
				BUNDLE_LOADER = "$(TEST_HOST)";
				CODE_SIGN_STYLE = Automatic;
				CURRENT_PROJECT_VERSION = 1;
				DEVELOPMENT_TEAM = LH2D7MUGD3;
				GENERATE_INFOPLIST_FILE = YES;
				IPHONEOS_DEPLOYMENT_TARGET = 17.2;
				MARKETING_VERSION = 1.0;
				PRODUCT_BUNDLE_IDENTIFIER = com.Bongkill.GithubUserFavoriteTests;
				PRODUCT_NAME = "$(TARGET_NAME)";
				SWIFT_EMIT_LOC_STRINGS = NO;
				SWIFT_VERSION = 5.0;
				TARGETED_DEVICE_FAMILY = "1,2";
				TEST_HOST = "$(BUILT_PRODUCTS_DIR)/GithubUserFavorite.app/$(BUNDLE_EXECUTABLE_FOLDER_PATH)/GithubUserFavorite";
			};
			name = Release;
		};
		44079CE62BE4951C00C79675 /* Debug */ = {
			isa = XCBuildConfiguration;
			buildSettings = {
				ALWAYS_EMBED_SWIFT_STANDARD_LIBRARIES = YES;
				CODE_SIGN_STYLE = Automatic;
				CURRENT_PROJECT_VERSION = 1;
				DEVELOPMENT_TEAM = LH2D7MUGD3;
				GENERATE_INFOPLIST_FILE = YES;
				MARKETING_VERSION = 1.0;
				PRODUCT_BUNDLE_IDENTIFIER = com.Bongkill.GithubUserFavoriteUITests;
				PRODUCT_NAME = "$(TARGET_NAME)";
				SWIFT_EMIT_LOC_STRINGS = NO;
				SWIFT_VERSION = 5.0;
				TARGETED_DEVICE_FAMILY = "1,2";
				TEST_TARGET_NAME = GithubUserFavorite;
			};
			name = Debug;
		};
		44079CE72BE4951C00C79675 /* Release */ = {
			isa = XCBuildConfiguration;
			buildSettings = {
				ALWAYS_EMBED_SWIFT_STANDARD_LIBRARIES = YES;
				CODE_SIGN_STYLE = Automatic;
				CURRENT_PROJECT_VERSION = 1;
				DEVELOPMENT_TEAM = LH2D7MUGD3;
				GENERATE_INFOPLIST_FILE = YES;
				MARKETING_VERSION = 1.0;
				PRODUCT_BUNDLE_IDENTIFIER = com.Bongkill.GithubUserFavoriteUITests;
				PRODUCT_NAME = "$(TARGET_NAME)";
				SWIFT_EMIT_LOC_STRINGS = NO;
				SWIFT_VERSION = 5.0;
				TARGETED_DEVICE_FAMILY = "1,2";
				TEST_TARGET_NAME = GithubUserFavorite;
			};
			name = Release;
		};
/* End XCBuildConfiguration section */

/* Begin XCConfigurationList section */
		44079CAD2BE4951900C79675 /* Build configuration list for PBXProject "GithubUserFavorite" */ = {
			isa = XCConfigurationList;
			buildConfigurations = (
				44079CDD2BE4951C00C79675 /* Debug */,
				44079CDE2BE4951C00C79675 /* Release */,
			);
			defaultConfigurationIsVisible = 0;
			defaultConfigurationName = Release;
		};
		44079CDF2BE4951C00C79675 /* Build configuration list for PBXNativeTarget "GithubUserFavorite" */ = {
			isa = XCConfigurationList;
			buildConfigurations = (
				44079CE02BE4951C00C79675 /* Debug */,
				44079CE12BE4951C00C79675 /* Release */,
			);
			defaultConfigurationIsVisible = 0;
			defaultConfigurationName = Release;
		};
		44079CE22BE4951C00C79675 /* Build configuration list for PBXNativeTarget "GithubUserFavoriteTests" */ = {
			isa = XCConfigurationList;
			buildConfigurations = (
				44079CE32BE4951C00C79675 /* Debug */,
				44079CE42BE4951C00C79675 /* Release */,
			);
			defaultConfigurationIsVisible = 0;
			defaultConfigurationName = Release;
		};
		44079CE52BE4951C00C79675 /* Build configuration list for PBXNativeTarget "GithubUserFavoriteUITests" */ = {
			isa = XCConfigurationList;
			buildConfigurations = (
				44079CE62BE4951C00C79675 /* Debug */,
				44079CE72BE4951C00C79675 /* Release */,
			);
			defaultConfigurationIsVisible = 0;
			defaultConfigurationName = Release;
		};
/* End XCConfigurationList section */

/* Begin XCRemoteSwiftPackageReference section */
		44079CE82BE496C800C79675 /* XCRemoteSwiftPackageReference "Moya" */ = {
			isa = XCRemoteSwiftPackageReference;
			repositoryURL = "https://github.com/Moya/Moya";
			requirement = {
				kind = upToNextMajorVersion;
				minimumVersion = 15.0.3;
			};
		};
		44079CEF2BE4971F00C79675 /* XCRemoteSwiftPackageReference "Kingfisher" */ = {
			isa = XCRemoteSwiftPackageReference;
			repositoryURL = "https://github.com/onevcat/Kingfisher.git";
			requirement = {
				kind = upToNextMajorVersion;
				minimumVersion = 7.11.0;
			};
		};
		44079CF22BE4981100C79675 /* XCRemoteSwiftPackageReference "Alamofire" */ = {
			isa = XCRemoteSwiftPackageReference;
			repositoryURL = "https://github.com/Alamofire/Alamofire";
			requirement = {
				kind = upToNextMajorVersion;
				minimumVersion = 5.9.1;
			};
		};
		FC752CC52BE62D3700B55347 /* XCRemoteSwiftPackageReference "RxSwift" */ = {
			isa = XCRemoteSwiftPackageReference;
			repositoryURL = "https://github.com/ReactiveX/RxSwift";
			requirement = {
				kind = upToNextMajorVersion;
				minimumVersion = 6.7.1;
			};
		};
		FC7BAA442BE9120F00BB57ED /* XCRemoteSwiftPackageReference "SnapKit" */ = {
			isa = XCRemoteSwiftPackageReference;
			repositoryURL = "https://github.com/SnapKit/SnapKit.git";
			requirement = {
				kind = upToNextMajorVersion;
				minimumVersion = 5.7.1;
			};
		};
		FCA239622BE501D400FFE09E /* XCRemoteSwiftPackageReference "RxGesture" */ = {
			isa = XCRemoteSwiftPackageReference;
			repositoryURL = "https://github.com/RxSwiftCommunity/RxGesture";
			requirement = {
				kind = upToNextMajorVersion;
				minimumVersion = 4.0.4;
			};
		};
/* End XCRemoteSwiftPackageReference section */

/* Begin XCSwiftPackageProductDependency section */
		44079CE92BE496C800C79675 /* Moya */ = {
			isa = XCSwiftPackageProductDependency;
			package = 44079CE82BE496C800C79675 /* XCRemoteSwiftPackageReference "Moya" */;
			productName = Moya;
		};
		44079CEB2BE496C800C79675 /* ReactiveMoya */ = {
			isa = XCSwiftPackageProductDependency;
			package = 44079CE82BE496C800C79675 /* XCRemoteSwiftPackageReference "Moya" */;
			productName = ReactiveMoya;
		};
		44079CED2BE496C800C79675 /* RxMoya */ = {
			isa = XCSwiftPackageProductDependency;
			package = 44079CE82BE496C800C79675 /* XCRemoteSwiftPackageReference "Moya" */;
			productName = RxMoya;
		};
		44079CF02BE4971F00C79675 /* Kingfisher */ = {
			isa = XCSwiftPackageProductDependency;
			package = 44079CEF2BE4971F00C79675 /* XCRemoteSwiftPackageReference "Kingfisher" */;
			productName = Kingfisher;
		};
		44079CF32BE4981100C79675 /* Alamofire */ = {
			isa = XCSwiftPackageProductDependency;
			package = 44079CF22BE4981100C79675 /* XCRemoteSwiftPackageReference "Alamofire" */;
			productName = Alamofire;
		};
		FC752CC62BE62D3700B55347 /* RxCocoa */ = {
			isa = XCSwiftPackageProductDependency;
			package = FC752CC52BE62D3700B55347 /* XCRemoteSwiftPackageReference "RxSwift" */;
			productName = RxCocoa;
		};
		FC752CC82BE62D3700B55347 /* RxRelay */ = {
			isa = XCSwiftPackageProductDependency;
			package = FC752CC52BE62D3700B55347 /* XCRemoteSwiftPackageReference "RxSwift" */;
			productName = RxRelay;
		};
		FC7BAA452BE9120F00BB57ED /* SnapKit */ = {
			isa = XCSwiftPackageProductDependency;
			package = FC7BAA442BE9120F00BB57ED /* XCRemoteSwiftPackageReference "SnapKit" */;
			productName = SnapKit;
		};
		FCA239632BE501D400FFE09E /* RxGesture */ = {
			isa = XCSwiftPackageProductDependency;
			package = FCA239622BE501D400FFE09E /* XCRemoteSwiftPackageReference "RxGesture" */;
			productName = RxGesture;
		};
/* End XCSwiftPackageProductDependency section */

/* Begin XCVersionGroup section */
		44079CBE2BE4951A00C79675 /* GithubUserFavorite.xcdatamodeld */ = {
			isa = XCVersionGroup;
			children = (
				44079CBF2BE4951A00C79675 /* GithubUserFavorite.xcdatamodel */,
			);
			currentVersion = 44079CBF2BE4951A00C79675 /* GithubUserFavorite.xcdatamodel */;
			path = GithubUserFavorite.xcdatamodeld;
			sourceTree = "<group>";
			versionGroupType = wrapper.xcdatamodel;
		};
/* End XCVersionGroup section */
	};
	rootObject = 44079CAA2BE4951900C79675 /* Project object */;
}
